
Microsoft Visual Studio Solution File, Format Version 12.00
# Visual Studio 14
VisualStudioVersion = 14.0.25420.1
MinimumVisualStudioVersion = 10.0.40219.1
Project("{FAE04EC0-301F-11D3-BF4B-00C04F79EFBC}") = "UdpCommunication", "UdpCommunication\UdpCommunication.csproj", "{49A6C454-E41C-4813-AF9B-94CF7D039943}"
EndProject
Project("{FAE04EC0-301F-11D3-BF4B-00C04F79EFBC}") = "Sender", "Sender\Sender.csproj", "{4F2A286F-1339-417E-9242-6CC120B027C8}"
EndProject
Project("{FAE04EC0-301F-11D3-BF4B-00C04F79EFBC}") = "Receiver", "Receiver\Receiver.csproj", "{AC30922F-63C4-4C35-A3BA-6B0B3E346B93}"
EndProject
Global
	GlobalSection(SolutionConfigurationPlatforms) = preSolution
		Debug|Any CPU = Debug|Any CPU
		Release|Any CPU = Release|Any CPU
	EndGlobalSection
	GlobalSection(ProjectConfigurationPlatforms) = postSolution
		{49A6C454-E41C-4813-AF9B-94CF7D039943}.Debug|Any CPU.ActiveCfg = Debug|Any CPU
		{49A6C454-E41C-4813-AF9B-94CF7D039943}.Debug|Any CPU.Build.0 = Debug|Any CPU
		{49A6C454-E41C-4813-AF9B-94CF7D039943}.Release|Any CPU.ActiveCfg = Release|Any CPU
		{49A6C454-E41C-4813-AF9B-94CF7D039943}.Release|Any CPU.Build.0 = Release|Any CPU
		{4F2A286F-1339-417E-9242-6CC120B027C8}.Debug|Any CPU.ActiveCfg = Debug|Any CPU
		{4F2A286F-1339-417E-9242-6CC120B027C8}.Debug|Any CPU.Build.0 = Debug|Any CPU
		{4F2A286F-1339-417E-9242-6CC120B027C8}.Release|Any CPU.ActiveCfg = Release|Any CPU
		{4F2A286F-1339-417E-9242-6CC120B027C8}.Release|Any CPU.Build.0 = Release|Any CPU
		{AC30922F-63C4-4C35-A3BA-6B0B3E346B93}.Debug|Any CPU.ActiveCfg = Debug|Any CPU
		{AC30922F-63C4-4C35-A3BA-6B0B3E346B93}.Debug|Any CPU.Build.0 = Debug|Any CPU
		{AC30922F-63C4-4C35-A3BA-6B0B3E346B93}.Release|Any CPU.ActiveCfg = Release|Any CPU
		{AC30922F-63C4-4C35-A3BA-6B0B3E346B93}.Release|Any CPU.Build.0 = Release|Any CPU
	EndGlobalSection
	GlobalSection(SolutionProperties) = preSolution
		HideSolutionNode = FALSE
	EndGlobalSection
EndGlobal
